schema: '2.0'
stages:
  data_ingestion:
    cmd: python src/cnnClassifier/pipeline/stage_01_data_ingestion.py
    deps:
    - path: config/config.yaml
      hash: md5
      md5: 5d2b35e9c4cb3e5dd29df422bc6571e2
      size: 563
    - path: src/cnnClassifier/pipeline/stage_01_data_ingestion.py
      hash: md5
      md5: 4d32883948cdcff05c01dec29e0a8659
      size: 879
    outs:
    - path: artifacts/data_ingestion/Chest-CT-Scan-data
      hash: md5
      md5: 904fa45d934ce879b3b1933dca6cb2f1.dir
      size: 49247431
      nfiles: 343
  prepare_base_model:
    cmd: python src/cnnClassifier/pipeline/stage_02_prepare_base_model.py
    deps:
    - path: config/config.yaml
      hash: md5
      md5: 5d2b35e9c4cb3e5dd29df422bc6571e2
      size: 563
    - path: src/cnnClassifier/pipeline/stage_02_prepare_base_model.py
      hash: md5
      md5: 576e9e8ea15054acb5a76f895b5ce969
      size: 966
    params:
      params.yaml:
        CLASSES: 2
        IMAGE_SIZE:
        - 224
        - 224
        - 3
        INCLUDE_TOP: false
        LEARNING_RATE: 0.01
        WEIGHTS: imagenet
    outs:
    - path: artifacts/prepare_base_model
      hash: md5
      md5: cb385d89bd001a303a1942e64b14a096.dir
      size: 118054560
      nfiles: 2
  training:
    cmd: python src/cnnClassifier/pipeline/stage_03_model_trainer.py
    deps:
    - path: artifacts/data_ingestion/Chest-CT-Scan-data
      hash: md5
      md5: 904fa45d934ce879b3b1933dca6cb2f1.dir
      size: 49247431
      nfiles: 343
    - path: artifacts/prepare_base_model
      hash: md5
      md5: cb385d89bd001a303a1942e64b14a096.dir
      size: 118054560
      nfiles: 2
    - path: config/config.yaml
      hash: md5
      md5: 5d2b35e9c4cb3e5dd29df422bc6571e2
      size: 563
    - path: src/cnnClassifier/pipeline/stage_03_model_trainer.py
      hash: md5
      md5: 6f933fb0bcff6faac2a4624f2c5d6b32
      size: 879
    params:
      params.yaml:
        AUGMENTATION: false
        BATCH_SIZE: 16
        EPOCHS: 2
        IMAGE_SIZE:
        - 224
        - 224
        - 3
    outs:
    - path: artifacts/training/model.h5
      hash: md5
      md5: 67f642bcd46d268b2f74d2f1c2ab9051
      size: 59337520
  evaluation:
    cmd: python src/cnnClassifier/pipeline/stage_04_model_evaluation.py
    deps:
    - path: artifacts/data_ingestion/Chest-CT-Scan-data
      hash: md5
      md5: 904fa45d934ce879b3b1933dca6cb2f1.dir
      size: 49247431
      nfiles: 343
    - path: artifacts/training/model.h5
      hash: md5
      md5: 67f642bcd46d268b2f74d2f1c2ab9051
      size: 59337520
    - path: config/config.yaml
      hash: md5
      md5: 5d2b35e9c4cb3e5dd29df422bc6571e2
      size: 563
    - path: src/cnnClassifier/pipeline/stage_04_model_evaluation.py
      hash: md5
      md5: 42297df25198deaa68f74abca67303b5
      size: 903
    params:
      params.yaml:
        BATCH_SIZE: 16
        IMAGE_SIZE:
        - 224
        - 224
        - 3
    outs:
    - path: scores.json
      hash: md5
      md5: 958f2ff58a0def542845bd0f3fc02737
      size: 70
